<?xml version="1.0" encoding="utf-8"?>
<Project ToolsVersion="4.0" xmlns="http://schemas.microsoft.com/developer/msbuild/2003">
  <ItemGroup>
    <ClCompile Include="ControlBase.cpp" />
    <ClCompile Include="CtrlProperties.cpp" />
    <ClCompile Include="DataType.cpp" />
    <ClCompile Include="Global.cpp" />
    <ClCompile Include="GridPanel.cpp" />
    <ClCompile Include="HtmlCtrl.cpp" />
    <ClCompile Include="IUIDocManager.cpp" />
    <ClCompile Include="IUIDocument.cpp" />
    <ClCompile Include="IUIFrameWnd.cpp" />
    <ClCompile Include="IUIMDIChildWnd.cpp" />
    <ClCompile Include="IUIMDIClientWnd.cpp" />
    <ClCompile Include="IUIMDIFrameWnd.cpp" />
    <ClCompile Include="IUIMultiDocTemplate.cpp" />
    <ClCompile Include="IUIView.cpp" />
    <ClCompile Include="IUIWinApp.cpp" />
    <ClCompile Include="MemStdioFile.cpp" />
    <ClCompile Include="MenuBar.cpp" />
    <ClCompile Include="MenuWnd.cpp" />
    <ClCompile Include="OleDropTargetEx.cpp" />
    <ClCompile Include="Panel.cpp" />
    <ClCompile Include="RectCtrl.cpp" />
    <ClCompile Include="ScrollBarEx.cpp" />
    <ClCompile Include="SkinButton.cpp" />
    <ClCompile Include="SkinComboBox.cpp" />
    <ClCompile Include="SkinDateTimeCtrl.cpp" />
    <ClCompile Include="SkinEdit.cpp" />
    <ClCompile Include="SkinHeaderCtrl.cpp" />
    <ClCompile Include="SkinHotKeyCtrl.cpp" />
    <ClCompile Include="SkinIPAddressCtrl.cpp" />
    <ClCompile Include="SkinListCtrl.cpp" />
    <ClCompile Include="SkinMenu.cpp" />
    <ClCompile Include="SkinProgressCtrl.cpp" />
    <ClCompile Include="SkinSliderCtrl.cpp" />
    <ClCompile Include="SkinSpinButtonCtrl.cpp" />
    <ClCompile Include="SkinStatic.cpp" />
    <ClCompile Include="SkinTreeCtrl.cpp" />
    <ClCompile Include="SliderCtrlEx.cpp" />
    <ClCompile Include="StackPanel.cpp" />
    <ClCompile Include="StdAfx.cpp" />
    <ClCompile Include="SubtitleWnd.cpp" />
    <ClCompile Include="TaskWndMgr.cpp" />
    <ClCompile Include="ThumbnailCtrl.cpp" />
    <ClCompile Include="TreeListCtrl.cpp" />
    <ClCompile Include="UIMgr.cpp" />
    <ClCompile Include="UIWnd.cpp" />
    <ClCompile Include="UIWndBase.cpp" />
    <ClCompile Include="WaveCtrl.cpp" />
    <ClCompile Include="WLButton.cpp" />
    <ClCompile Include="WLLine.cpp" />
    <ClCompile Include="WLPicture.cpp" />
    <ClCompile Include="WLSplitterBar.cpp" />
    <ClCompile Include="WLText.cpp" />
    <ClCompile Include="WLWnd.cpp" />
    <ClCompile Include="DockPanel.cpp" />
    <ClCompile Include="UniformGridPanel.cpp" />
    <ClCompile Include="IUIImage.cpp" />
    <ClCompile Include="ResMgr.cpp" />
    <ClCompile Include="PictureCtrl.cpp" />
    <ClCompile Include="WLSliderCtrl.cpp" />
    <ClCompile Include="SearchLightProgressCtrl.cpp" />
    <ClCompile Include="ScrollWnd.cpp" />
    <ClCompile Include="PicCharacterCtrl.cpp" />
    <ClCompile Include="SplitterBar.cpp" />
    <ClCompile Include="NewWindowsUIPanel.cpp" />
    <ClCompile Include="Debug.cpp" />
    <ClCompile Include="ButtonBase.cpp">
      <Filter>ControlBase</Filter>
    </ClCompile>
    <ClCompile Include="IMRichEditCtrl.cpp">
      <Filter>RichEdit</Filter>
    </ClCompile>
    <ClCompile Include="IMRichEditCtrlBase.cpp">
      <Filter>RichEdit</Filter>
    </ClCompile>
    <ClCompile Include="WLRichEditCtrl.cpp">
      <Filter>RichEdit</Filter>
    </ClCompile>
    <ClCompile Include="SkinRichEditCtrl.cpp">
      <Filter>RichEdit</Filter>
    </ClCompile>
    <ClCompile Include="SkinRichEditCtrlBase.cpp">
      <Filter>RichEdit</Filter>
    </ClCompile>
    <ClCompile Include="WLIMRichEditCtrl.cpp">
      <Filter>RichEdit</Filter>
    </ClCompile>
    <ClCompile Include="ImageOleCtrl.cpp">
      <Filter>RichEdit</Filter>
    </ClCompile>
    <ClCompile Include="OleCtrlBase.cpp">
      <Filter>RichEdit</Filter>
    </ClCompile>
    <ClCompile Include="CreateControls.cpp" />
    <ClCompile Include="Render.cpp" />
    <ClCompile Include="DragDrop.cpp" />
    <ClCompile Include="Utils.cpp" />
    <ClCompile Include="treeview.cpp">
      <Filter>treeview</Filter>
    </ClCompile>
    <ClCompile Include="tvpaint.cpp">
      <Filter>treeview</Filter>
    </ClCompile>
    <ClCompile Include="tvscroll.cpp">
      <Filter>treeview</Filter>
    </ClCompile>
    <ClCompile Include="tvmem.cpp">
      <Filter>treeview</Filter>
    </ClCompile>
    <ClCompile Include="TreeCtrlEx.cpp" />
  </ItemGroup>
  <ItemGroup>
    <ClInclude Include="LibUIDK.h" />
    <ClInclude Include="StdAfx.h" />
    <ClInclude Include="targetver.h" />
    <ClInclude Include="ControlMember.h">
      <Filter>ControlBase</Filter>
    </ClInclude>
    <ClInclude Include="ResourceMgr.h" />
    <ClInclude Include="TextHost.h">
      <Filter>RichEdit</Filter>
    </ClInclude>
    <ClInclude Include="Utils.h" />
    <ClInclude Include="treeview.h">
      <Filter>treeview</Filter>
    </ClInclude>
  </ItemGroup>
  <ItemGroup>
    <Filter Include="ControlBase">
      <UniqueIdentifier>{d356f57e-acc5-475b-ba63-76740f99e0e9}</UniqueIdentifier>
    </Filter>
    <Filter Include="RichEdit">
      <UniqueIdentifier>{d1531cd9-1927-433c-88ad-33453b5bdab2}</UniqueIdentifier>
    </Filter>
    <Filter Include="treeview">
      <UniqueIdentifier>{3ca180b3-24e8-4652-8260-2817ab51f9a4}</UniqueIdentifier>
    </Filter>
  </ItemGroup>
</Project>