<?xml version="1.0" encoding="utf-8"?>
<Project ToolsVersion="4.0" xmlns="http://schemas.microsoft.com/developer/msbuild/2003">
  <ItemGroup>
    <Filter Include="源文件">
      <UniqueIdentifier>{4FC737F1-C7A5-4376-A066-2A32D752A2FF}</UniqueIdentifier>
      <Extensions>cpp;c;cc;cxx;c++;cppm;ixx;def;odl;idl;hpj;bat;asm;asmx</Extensions>
    </Filter>
    <Filter Include="ControlBase">
      <UniqueIdentifier>{c3978a3c-37a5-4574-9ccb-f1389717a16b}</UniqueIdentifier>
    </Filter>
    <Filter Include="RichEdit">
      <UniqueIdentifier>{b6dd3ee7-e346-4d63-b446-9dbe411c616e}</UniqueIdentifier>
    </Filter>
    <Filter Include="treeview">
      <UniqueIdentifier>{bb5e07ca-a0ee-403c-9aea-02d1e7c9899c}</UniqueIdentifier>
    </Filter>
  </ItemGroup>
  <ItemGroup>
    <ClCompile Include="ButtonBase.cpp">
      <Filter>ControlBase</Filter>
    </ClCompile>
    <ClCompile Include="ImageOleCtrl.cpp">
      <Filter>RichEdit</Filter>
    </ClCompile>
    <ClCompile Include="IMRichEditCtrl.cpp">
      <Filter>RichEdit</Filter>
    </ClCompile>
    <ClCompile Include="IMRichEditCtrlBase.cpp">
      <Filter>RichEdit</Filter>
    </ClCompile>
    <ClCompile Include="OleCtrlBase.cpp">
      <Filter>RichEdit</Filter>
    </ClCompile>
    <ClCompile Include="SkinRichEditCtrl.cpp">
      <Filter>RichEdit</Filter>
    </ClCompile>
    <ClCompile Include="SkinRichEditCtrlBase.cpp">
      <Filter>RichEdit</Filter>
    </ClCompile>
    <ClCompile Include="WLIMRichEditCtrl.cpp">
      <Filter>RichEdit</Filter>
    </ClCompile>
    <ClCompile Include="WLRichEditCtrl.cpp">
      <Filter>RichEdit</Filter>
    </ClCompile>
    <ClCompile Include="treeview.cpp">
      <Filter>treeview</Filter>
    </ClCompile>
    <ClCompile Include="tvmem.cpp">
      <Filter>treeview</Filter>
    </ClCompile>
    <ClCompile Include="tvpaint.cpp">
      <Filter>treeview</Filter>
    </ClCompile>
    <ClCompile Include="tvscroll.cpp">
      <Filter>treeview</Filter>
    </ClCompile>
    <ClCompile Include="ControlBase.cpp">
      <Filter>源文件</Filter>
    </ClCompile>
    <ClCompile Include="CreateControls.cpp">
      <Filter>源文件</Filter>
    </ClCompile>
    <ClCompile Include="CtrlProperties.cpp">
      <Filter>源文件</Filter>
    </ClCompile>
    <ClCompile Include="DataType.cpp">
      <Filter>源文件</Filter>
    </ClCompile>
    <ClCompile Include="Debug.cpp">
      <Filter>源文件</Filter>
    </ClCompile>
    <ClCompile Include="DockPanel.cpp">
      <Filter>源文件</Filter>
    </ClCompile>
    <ClCompile Include="DragDrop.cpp">
      <Filter>源文件</Filter>
    </ClCompile>
    <ClCompile Include="Global.cpp">
      <Filter>源文件</Filter>
    </ClCompile>
    <ClCompile Include="GridPanel.cpp">
      <Filter>源文件</Filter>
    </ClCompile>
    <ClCompile Include="HtmlCtrl.cpp">
      <Filter>源文件</Filter>
    </ClCompile>
    <ClCompile Include="IUIDocManager.cpp">
      <Filter>源文件</Filter>
    </ClCompile>
    <ClCompile Include="IUIDocument.cpp">
      <Filter>源文件</Filter>
    </ClCompile>
    <ClCompile Include="IUIFrameWnd.cpp">
      <Filter>源文件</Filter>
    </ClCompile>
    <ClCompile Include="IUIImage.cpp">
      <Filter>源文件</Filter>
    </ClCompile>
    <ClCompile Include="IUIMDIChildWnd.cpp">
      <Filter>源文件</Filter>
    </ClCompile>
    <ClCompile Include="IUIMDIClientWnd.cpp">
      <Filter>源文件</Filter>
    </ClCompile>
    <ClCompile Include="IUIMDIFrameWnd.cpp">
      <Filter>源文件</Filter>
    </ClCompile>
    <ClCompile Include="IUIMultiDocTemplate.cpp">
      <Filter>源文件</Filter>
    </ClCompile>
    <ClCompile Include="IUIView.cpp">
      <Filter>源文件</Filter>
    </ClCompile>
    <ClCompile Include="IUIWinApp.cpp">
      <Filter>源文件</Filter>
    </ClCompile>
    <ClCompile Include="MemStdioFile.cpp">
      <Filter>源文件</Filter>
    </ClCompile>
    <ClCompile Include="MenuBar.cpp">
      <Filter>源文件</Filter>
    </ClCompile>
    <ClCompile Include="MenuWnd.cpp">
      <Filter>源文件</Filter>
    </ClCompile>
    <ClCompile Include="NewWindowsUIPanel.cpp">
      <Filter>源文件</Filter>
    </ClCompile>
    <ClCompile Include="OleDropTargetEx.cpp">
      <Filter>源文件</Filter>
    </ClCompile>
    <ClCompile Include="Panel.cpp">
      <Filter>源文件</Filter>
    </ClCompile>
    <ClCompile Include="PicCharacterCtrl.cpp">
      <Filter>源文件</Filter>
    </ClCompile>
    <ClCompile Include="PictureCtrl.cpp">
      <Filter>源文件</Filter>
    </ClCompile>
    <ClCompile Include="RectCtrl.cpp">
      <Filter>源文件</Filter>
    </ClCompile>
    <ClCompile Include="Render.cpp">
      <Filter>源文件</Filter>
    </ClCompile>
    <ClCompile Include="ResMgr.cpp">
      <Filter>源文件</Filter>
    </ClCompile>
    <ClCompile Include="ScrollBarEx.cpp">
      <Filter>源文件</Filter>
    </ClCompile>
    <ClCompile Include="ScrollWnd.cpp">
      <Filter>源文件</Filter>
    </ClCompile>
    <ClCompile Include="SearchLightProgressCtrl.cpp">
      <Filter>源文件</Filter>
    </ClCompile>
    <ClCompile Include="SkinButton.cpp">
      <Filter>源文件</Filter>
    </ClCompile>
    <ClCompile Include="SkinComboBox.cpp">
      <Filter>源文件</Filter>
    </ClCompile>
    <ClCompile Include="SkinDateTimeCtrl.cpp">
      <Filter>源文件</Filter>
    </ClCompile>
    <ClCompile Include="SkinEdit.cpp">
      <Filter>源文件</Filter>
    </ClCompile>
    <ClCompile Include="SkinHeaderCtrl.cpp">
      <Filter>源文件</Filter>
    </ClCompile>
    <ClCompile Include="SkinHotKeyCtrl.cpp">
      <Filter>源文件</Filter>
    </ClCompile>
    <ClCompile Include="SkinIPAddressCtrl.cpp">
      <Filter>源文件</Filter>
    </ClCompile>
    <ClCompile Include="SkinListCtrl.cpp">
      <Filter>源文件</Filter>
    </ClCompile>
    <ClCompile Include="SkinMenu.cpp">
      <Filter>源文件</Filter>
    </ClCompile>
    <ClCompile Include="SkinProgressCtrl.cpp">
      <Filter>源文件</Filter>
    </ClCompile>
    <ClCompile Include="SkinSliderCtrl.cpp">
      <Filter>源文件</Filter>
    </ClCompile>
    <ClCompile Include="SkinSpinButtonCtrl.cpp">
      <Filter>源文件</Filter>
    </ClCompile>
    <ClCompile Include="SkinStatic.cpp">
      <Filter>源文件</Filter>
    </ClCompile>
    <ClCompile Include="SkinTreeCtrl.cpp">
      <Filter>源文件</Filter>
    </ClCompile>
    <ClCompile Include="SliderCtrlEx.cpp">
      <Filter>源文件</Filter>
    </ClCompile>
    <ClCompile Include="SplitterBar.cpp">
      <Filter>源文件</Filter>
    </ClCompile>
    <ClCompile Include="StackPanel.cpp">
      <Filter>源文件</Filter>
    </ClCompile>
    <ClCompile Include="SubtitleWnd.cpp">
      <Filter>源文件</Filter>
    </ClCompile>
    <ClCompile Include="TaskWndMgr.cpp">
      <Filter>源文件</Filter>
    </ClCompile>
    <ClCompile Include="ThumbnailCtrl.cpp">
      <Filter>源文件</Filter>
    </ClCompile>
    <ClCompile Include="TreeCtrlEx.cpp">
      <Filter>源文件</Filter>
    </ClCompile>
    <ClCompile Include="TreeListCtrl.cpp">
      <Filter>源文件</Filter>
    </ClCompile>
    <ClCompile Include="UIMgr.cpp">
      <Filter>源文件</Filter>
    </ClCompile>
    <ClCompile Include="UIWnd.cpp">
      <Filter>源文件</Filter>
    </ClCompile>
    <ClCompile Include="UIWndBase.cpp">
      <Filter>源文件</Filter>
    </ClCompile>
    <ClCompile Include="UniformGridPanel.cpp">
      <Filter>源文件</Filter>
    </ClCompile>
    <ClCompile Include="Utils.cpp">
      <Filter>源文件</Filter>
    </ClCompile>
    <ClCompile Include="WaveCtrl.cpp">
      <Filter>源文件</Filter>
    </ClCompile>
    <ClCompile Include="WLButton.cpp">
      <Filter>源文件</Filter>
    </ClCompile>
    <ClCompile Include="WLLine.cpp">
      <Filter>源文件</Filter>
    </ClCompile>
    <ClCompile Include="WLPicture.cpp">
      <Filter>源文件</Filter>
    </ClCompile>
    <ClCompile Include="WLSliderCtrl.cpp">
      <Filter>源文件</Filter>
    </ClCompile>
    <ClCompile Include="WLSplitterBar.cpp">
      <Filter>源文件</Filter>
    </ClCompile>
    <ClCompile Include="WLText.cpp">
      <Filter>源文件</Filter>
    </ClCompile>
    <ClCompile Include="WLWnd.cpp">
      <Filter>源文件</Filter>
    </ClCompile>
    <ClCompile Include="StdAfx.cpp">
      <Filter>源文件</Filter>
    </ClCompile>
  </ItemGroup>
  <ItemGroup>
    <ClInclude Include="ControlMember.h">
      <Filter>ControlBase</Filter>
    </ClInclude>
    <ClInclude Include="TextHost.h">
      <Filter>RichEdit</Filter>
    </ClInclude>
    <ClInclude Include="treeview.h">
      <Filter>treeview</Filter>
    </ClInclude>
    <ClInclude Include="LibUIDK.h" />
    <ClInclude Include="ResourceMgr.h" />
    <ClInclude Include="targetver.h" />
    <ClInclude Include="Utils.h" />
    <ClInclude Include="StdAfx.h" />
  </ItemGroup>
</Project>