
Microsoft Visual Studio Solution File, Format Version 12.00
# Visual Studio Version 16
VisualStudioVersion = 16.0.30517.126
MinimumVisualStudioVersion = 10.0.40219.1
Project("{8BC9CEB8-8B4A-11D0-8D11-00A0C91BC942}") = "LibUIDK_vs2019", "LibUIDK_vs2019.vcxproj", "{DC979C4F-ECB2-47FE-9721-EA973F964C4E}"
EndProject
Global
	GlobalSection(SolutionConfigurationPlatforms) = preSolution
		Debug Unicode|x64 = Debug Unicode|x64
		Debug Unicode|x86 = Debug Unicode|x86
		Release Unicdoe Static|x64 = Release Unicdoe Static|x64
		Release Unicdoe Static|x86 = Release Unicdoe Static|x86
	EndGlobalSection
	GlobalSection(ProjectConfigurationPlatforms) = postSolution
		{DC979C4F-ECB2-47FE-9721-EA973F964C4E}.Debug Unicode|x64.ActiveCfg = Debug Unicode|x64
		{DC979C4F-ECB2-47FE-9721-EA973F964C4E}.Debug Unicode|x64.Build.0 = Debug Unicode|x64
		{DC979C4F-ECB2-47FE-9721-EA973F964C4E}.Debug Unicode|x86.ActiveCfg = Debug Unicode|Win32
		{DC979C4F-ECB2-47FE-9721-EA973F964C4E}.Debug Unicode|x86.Build.0 = Debug Unicode|Win32
		{DC979C4F-ECB2-47FE-9721-EA973F964C4E}.Release Unicdoe Static|x64.ActiveCfg = Release Unicode Static|x64
		{DC979C4F-ECB2-47FE-9721-EA973F964C4E}.Release Unicdoe Static|x64.Build.0 = Release Unicode Static|x64
		{DC979C4F-ECB2-47FE-9721-EA973F964C4E}.Release Unicdoe Static|x86.ActiveCfg = Release Unicode Static|Win32
		{DC979C4F-ECB2-47FE-9721-EA973F964C4E}.Release Unicdoe Static|x86.Build.0 = Release Unicode Static|Win32
	EndGlobalSection
	GlobalSection(SolutionProperties) = preSolution
		HideSolutionNode = FALSE
	EndGlobalSection
	GlobalSection(ExtensibilityGlobals) = postSolution
		SolutionGuid = {0AB296CC-7D3C-4CDA-B856-6FFA1CC05344}
	EndGlobalSection
EndGlobal
