<?xml version="1.0" encoding="utf-8"?>
<Project ToolsVersion="4.0" xmlns="http://schemas.microsoft.com/developer/msbuild/2003">
  <ItemGroup>
    <Filter Include="Header Files">
      <UniqueIdentifier>{93995380-89BD-4b04-88EB-625FBE52EBFB}</UniqueIdentifier>
      <Extensions>h;hh;hpp;hxx;hm;inl;inc;xsd</Extensions>
    </Filter>
    <Filter Include="ControlBase">
      <UniqueIdentifier>{9312c756-9586-47ac-9be4-f1cf81c8412f}</UniqueIdentifier>
    </Filter>
    <Filter Include="License">
      <UniqueIdentifier>{3c062594-95a2-47d6-8281-c0ff2e515901}</UniqueIdentifier>
    </Filter>
    <Filter Include="RichEdit">
      <UniqueIdentifier>{551e8605-d0b0-412a-92c7-1bddff764ff0}</UniqueIdentifier>
    </Filter>
    <Filter Include="treeview">
      <UniqueIdentifier>{9155c428-3447-4cae-bdc0-e85624bbb358}</UniqueIdentifier>
    </Filter>
  </ItemGroup>
  <ItemGroup>
    <Text Include="ReadMe.txt" />
  </ItemGroup>
  <ItemGroup>
    <ClInclude Include="stdafx.h">
      <Filter>Header Files</Filter>
    </ClInclude>
    <ClInclude Include="targetver.h">
      <Filter>Header Files</Filter>
    </ClInclude>
    <ClInclude Include="ControlMember.h">
      <Filter>ControlBase</Filter>
    </ClInclude>
    <ClInclude Include="License\global.h">
      <Filter>License</Filter>
    </ClInclude>
    <ClInclude Include="License\License.h">
      <Filter>License</Filter>
    </ClInclude>
    <ClInclude Include="License\MD5.h">
      <Filter>License</Filter>
    </ClInclude>
    <ClInclude Include="License\MD5h.h">
      <Filter>License</Filter>
    </ClInclude>
    <ClInclude Include="TextHost.h">
      <Filter>RichEdit</Filter>
    </ClInclude>
    <ClInclude Include="treeview.h">
      <Filter>treeview</Filter>
    </ClInclude>
    <ClInclude Include="LibUIDK.h">
      <Filter>Header Files</Filter>
    </ClInclude>
    <ClInclude Include="ResourceMgr.h">
      <Filter>Header Files</Filter>
    </ClInclude>
    <ClInclude Include="Utils.h">
      <Filter>Header Files</Filter>
    </ClInclude>
  </ItemGroup>
  <ItemGroup>
    <ClCompile Include="ButtonBase.cpp">
      <Filter>ControlBase</Filter>
    </ClCompile>
    <ClCompile Include="License\License.cpp">
      <Filter>License</Filter>
    </ClCompile>
    <ClCompile Include="License\MD5.cpp">
      <Filter>License</Filter>
    </ClCompile>
    <ClCompile Include="License\md5c.cpp">
      <Filter>License</Filter>
    </ClCompile>
    <ClCompile Include="ImageOleCtrl.cpp">
      <Filter>RichEdit</Filter>
    </ClCompile>
    <ClCompile Include="IMRichEditCtrl.cpp">
      <Filter>RichEdit</Filter>
    </ClCompile>
    <ClCompile Include="IMRichEditCtrlBase.cpp">
      <Filter>RichEdit</Filter>
    </ClCompile>
    <ClCompile Include="OleCtrlBase.cpp">
      <Filter>RichEdit</Filter>
    </ClCompile>
    <ClCompile Include="SkinRichEditCtrl.cpp">
      <Filter>RichEdit</Filter>
    </ClCompile>
    <ClCompile Include="SkinRichEditCtrlBase.cpp">
      <Filter>RichEdit</Filter>
    </ClCompile>
    <ClCompile Include="WLIMRichEditCtrl.cpp">
      <Filter>RichEdit</Filter>
    </ClCompile>
    <ClCompile Include="WLRichEditCtrl.cpp">
      <Filter>RichEdit</Filter>
    </ClCompile>
    <ClCompile Include="treeview.cpp">
      <Filter>treeview</Filter>
    </ClCompile>
    <ClCompile Include="tvmem.cpp">
      <Filter>treeview</Filter>
    </ClCompile>
    <ClCompile Include="tvpaint.cpp">
      <Filter>treeview</Filter>
    </ClCompile>
    <ClCompile Include="tvscroll.cpp">
      <Filter>treeview</Filter>
    </ClCompile>
    <ClCompile Include="ControlBase.cpp" />
    <ClCompile Include="CreateControls.cpp" />
    <ClCompile Include="CtrlProperties.cpp" />
    <ClCompile Include="DataType.cpp" />
    <ClCompile Include="Debug.cpp" />
    <ClCompile Include="DockPanel.cpp" />
    <ClCompile Include="DragDrop.cpp" />
    <ClCompile Include="Global.cpp" />
    <ClCompile Include="GridPanel.cpp" />
    <ClCompile Include="HtmlCtrl.cpp" />
    <ClCompile Include="IUIDocManager.cpp" />
    <ClCompile Include="IUIDocument.cpp" />
    <ClCompile Include="IUIFrameWnd.cpp" />
    <ClCompile Include="IUIImage.cpp" />
    <ClCompile Include="IUIMDIChildWnd.cpp" />
    <ClCompile Include="IUIMDIClientWnd.cpp" />
    <ClCompile Include="IUIMDIFrameWnd.cpp" />
    <ClCompile Include="IUIMultiDocTemplate.cpp" />
    <ClCompile Include="IUIView.cpp" />
    <ClCompile Include="IUIWinApp.cpp" />
    <ClCompile Include="MemStdioFile.cpp" />
    <ClCompile Include="MenuBar.cpp" />
    <ClCompile Include="MenuWnd.cpp" />
    <ClCompile Include="NewWindowsUIPanel.cpp" />
    <ClCompile Include="OleDropTargetEx.cpp" />
    <ClCompile Include="Panel.cpp" />
    <ClCompile Include="PicCharacterCtrl.cpp" />
    <ClCompile Include="PictureCtrl.cpp" />
    <ClCompile Include="RectCtrl.cpp" />
    <ClCompile Include="Render.cpp" />
    <ClCompile Include="ResMgr.cpp" />
    <ClCompile Include="ScrollBarEx.cpp" />
    <ClCompile Include="ScrollWnd.cpp" />
    <ClCompile Include="SearchLightProgressCtrl.cpp" />
    <ClCompile Include="SkinButton.cpp" />
    <ClCompile Include="SkinComboBox.cpp" />
    <ClCompile Include="SkinDateTimeCtrl.cpp" />
    <ClCompile Include="SkinEdit.cpp" />
    <ClCompile Include="SkinHeaderCtrl.cpp" />
    <ClCompile Include="SkinHotKeyCtrl.cpp" />
    <ClCompile Include="SkinIPAddressCtrl.cpp" />
    <ClCompile Include="SkinListCtrl.cpp" />
    <ClCompile Include="SkinMenu.cpp" />
    <ClCompile Include="SkinProgressCtrl.cpp" />
    <ClCompile Include="SkinSliderCtrl.cpp" />
    <ClCompile Include="SkinSpinButtonCtrl.cpp" />
    <ClCompile Include="SkinStatic.cpp" />
    <ClCompile Include="SkinTreeCtrl.cpp" />
    <ClCompile Include="SliderCtrlEx.cpp" />
    <ClCompile Include="SplitterBar.cpp" />
    <ClCompile Include="StackPanel.cpp" />
    <ClCompile Include="StdAfx.cpp" />
    <ClCompile Include="SubtitleWnd.cpp" />
    <ClCompile Include="TaskWndMgr.cpp" />
    <ClCompile Include="ThumbnailCtrl.cpp" />
    <ClCompile Include="TreeCtrlEx.cpp" />
    <ClCompile Include="TreeListCtrl.cpp" />
    <ClCompile Include="UIMgr.cpp" />
    <ClCompile Include="UIWnd.cpp" />
    <ClCompile Include="UIWndBase.cpp" />
    <ClCompile Include="UniformGridPanel.cpp" />
    <ClCompile Include="Utils.cpp" />
    <ClCompile Include="WaveCtrl.cpp" />
    <ClCompile Include="WLButton.cpp" />
    <ClCompile Include="WLLine.cpp" />
    <ClCompile Include="WLPicture.cpp" />
    <ClCompile Include="WLSliderCtrl.cpp" />
    <ClCompile Include="WLSplitterBar.cpp" />
    <ClCompile Include="WLText.cpp" />
    <ClCompile Include="WLWnd.cpp" />
  </ItemGroup>
</Project>