<?xml version="1.0" encoding="utf-8"?>
<Project ToolsVersion="4.0" xmlns="http://schemas.microsoft.com/developer/msbuild/2003">
  <ItemGroup>
    <Filter Include="Source Files">
      <UniqueIdentifier>{4FC737F1-C7A5-4376-A066-2A32D752A2FF}</UniqueIdentifier>
      <Extensions>cpp;c;cc;cxx;def;odl;idl;hpj;bat;asm;asmx</Extensions>
    </Filter>
    <Filter Include="Header Files">
      <UniqueIdentifier>{93995380-89BD-4b04-88EB-625FBE52EBFB}</UniqueIdentifier>
      <Extensions>h;hh;hpp;hxx;hm;inl;inc;xsd</Extensions>
    </Filter>
    <Filter Include="Resource Files">
      <UniqueIdentifier>{67DA6AB6-F800-4c08-8B7A-83BB121AAD01}</UniqueIdentifier>
      <Extensions>rc;ico;cur;bmp;dlg;rc2;rct;bin;rgs;gif;jpg;jpeg;jpe;resx;tiff;tif;png;wav;mfcribbon-ms</Extensions>
    </Filter>
    <Filter Include="ControlBase">
      <UniqueIdentifier>{72ddd2fd-132e-43de-8c0f-5e9c99c38ab8}</UniqueIdentifier>
    </Filter>
    <Filter Include="License">
      <UniqueIdentifier>{1236558f-286d-47e1-9ede-9dd78d7a56fe}</UniqueIdentifier>
    </Filter>
    <Filter Include="RichEdit">
      <UniqueIdentifier>{7d169779-89a9-44ad-bf47-f4a51b7daa16}</UniqueIdentifier>
    </Filter>
    <Filter Include="treeview">
      <UniqueIdentifier>{089dcf2e-ea81-4cae-925b-d8778713ceb1}</UniqueIdentifier>
    </Filter>
  </ItemGroup>
  <ItemGroup>
    <Text Include="ReadMe.txt" />
  </ItemGroup>
  <ItemGroup>
    <ClInclude Include="stdafx.h">
      <Filter>Header Files</Filter>
    </ClInclude>
    <ClInclude Include="targetver.h">
      <Filter>Header Files</Filter>
    </ClInclude>
    <ClInclude Include="LibUIDK.h">
      <Filter>Header Files</Filter>
    </ClInclude>
    <ClInclude Include="Version.h">
      <Filter>Header Files</Filter>
    </ClInclude>
    <ClInclude Include="ControlMember.h">
      <Filter>ControlBase</Filter>
    </ClInclude>
    <ClInclude Include="License\global.h">
      <Filter>License</Filter>
    </ClInclude>
    <ClInclude Include="License\License.h">
      <Filter>License</Filter>
    </ClInclude>
    <ClInclude Include="License\MD5.h">
      <Filter>License</Filter>
    </ClInclude>
    <ClInclude Include="License\MD5h.h">
      <Filter>License</Filter>
    </ClInclude>
    <ClInclude Include="TextHost.h">
      <Filter>RichEdit</Filter>
    </ClInclude>
    <ClInclude Include="treeview.h">
      <Filter>treeview</Filter>
    </ClInclude>
    <ClInclude Include="Utils.h">
      <Filter>Header Files</Filter>
    </ClInclude>
  </ItemGroup>
  <ItemGroup>
    <ClCompile Include="stdafx.cpp">
      <Filter>Source Files</Filter>
    </ClCompile>
    <ClCompile Include="ControlBase.cpp">
      <Filter>Source Files</Filter>
    </ClCompile>
    <ClCompile Include="CtrlProperties.cpp">
      <Filter>Source Files</Filter>
    </ClCompile>
    <ClCompile Include="DataType.cpp">
      <Filter>Source Files</Filter>
    </ClCompile>
    <ClCompile Include="Debug.cpp">
      <Filter>Source Files</Filter>
    </ClCompile>
    <ClCompile Include="DockPanel.cpp">
      <Filter>Source Files</Filter>
    </ClCompile>
    <ClCompile Include="Global.cpp">
      <Filter>Source Files</Filter>
    </ClCompile>
    <ClCompile Include="GridPanel.cpp">
      <Filter>Source Files</Filter>
    </ClCompile>
    <ClCompile Include="HtmlCtrl.cpp">
      <Filter>Source Files</Filter>
    </ClCompile>
    <ClCompile Include="IUIDocManager.cpp">
      <Filter>Source Files</Filter>
    </ClCompile>
    <ClCompile Include="IUIDocument.cpp">
      <Filter>Source Files</Filter>
    </ClCompile>
    <ClCompile Include="IUIFrameWnd.cpp">
      <Filter>Source Files</Filter>
    </ClCompile>
    <ClCompile Include="IUIImage.cpp">
      <Filter>Source Files</Filter>
    </ClCompile>
    <ClCompile Include="IUIMDIChildWnd.cpp">
      <Filter>Source Files</Filter>
    </ClCompile>
    <ClCompile Include="IUIMDIClientWnd.cpp">
      <Filter>Source Files</Filter>
    </ClCompile>
    <ClCompile Include="IUIMDIFrameWnd.cpp">
      <Filter>Source Files</Filter>
    </ClCompile>
    <ClCompile Include="IUIMultiDocTemplate.cpp">
      <Filter>Source Files</Filter>
    </ClCompile>
    <ClCompile Include="IUIView.cpp">
      <Filter>Source Files</Filter>
    </ClCompile>
    <ClCompile Include="IUIWinApp.cpp">
      <Filter>Source Files</Filter>
    </ClCompile>
    <ClCompile Include="MemStdioFile.cpp">
      <Filter>Source Files</Filter>
    </ClCompile>
    <ClCompile Include="MenuBar.cpp">
      <Filter>Source Files</Filter>
    </ClCompile>
    <ClCompile Include="MenuWnd.cpp">
      <Filter>Source Files</Filter>
    </ClCompile>
    <ClCompile Include="NewWindowsUIPanel.cpp">
      <Filter>Source Files</Filter>
    </ClCompile>
    <ClCompile Include="OleDropTargetEx.cpp">
      <Filter>Source Files</Filter>
    </ClCompile>
    <ClCompile Include="Panel.cpp">
      <Filter>Source Files</Filter>
    </ClCompile>
    <ClCompile Include="PicCharacterCtrl.cpp">
      <Filter>Source Files</Filter>
    </ClCompile>
    <ClCompile Include="PictureCtrl.cpp">
      <Filter>Source Files</Filter>
    </ClCompile>
    <ClCompile Include="RectCtrl.cpp">
      <Filter>Source Files</Filter>
    </ClCompile>
    <ClCompile Include="ResMgr.cpp">
      <Filter>Source Files</Filter>
    </ClCompile>
    <ClCompile Include="ScrollBarEx.cpp">
      <Filter>Source Files</Filter>
    </ClCompile>
    <ClCompile Include="ScrollWnd.cpp">
      <Filter>Source Files</Filter>
    </ClCompile>
    <ClCompile Include="SearchLightProgressCtrl.cpp">
      <Filter>Source Files</Filter>
    </ClCompile>
    <ClCompile Include="SkinButton.cpp">
      <Filter>Source Files</Filter>
    </ClCompile>
    <ClCompile Include="SkinComboBox.cpp">
      <Filter>Source Files</Filter>
    </ClCompile>
    <ClCompile Include="SkinDateTimeCtrl.cpp">
      <Filter>Source Files</Filter>
    </ClCompile>
    <ClCompile Include="SkinEdit.cpp">
      <Filter>Source Files</Filter>
    </ClCompile>
    <ClCompile Include="SkinHeaderCtrl.cpp">
      <Filter>Source Files</Filter>
    </ClCompile>
    <ClCompile Include="SkinHotKeyCtrl.cpp">
      <Filter>Source Files</Filter>
    </ClCompile>
    <ClCompile Include="SkinIPAddressCtrl.cpp">
      <Filter>Source Files</Filter>
    </ClCompile>
    <ClCompile Include="SkinListCtrl.cpp">
      <Filter>Source Files</Filter>
    </ClCompile>
    <ClCompile Include="SkinMenu.cpp">
      <Filter>Source Files</Filter>
    </ClCompile>
    <ClCompile Include="SkinProgressCtrl.cpp">
      <Filter>Source Files</Filter>
    </ClCompile>
    <ClCompile Include="SkinSliderCtrl.cpp">
      <Filter>Source Files</Filter>
    </ClCompile>
    <ClCompile Include="SkinSpinButtonCtrl.cpp">
      <Filter>Source Files</Filter>
    </ClCompile>
    <ClCompile Include="SkinStatic.cpp">
      <Filter>Source Files</Filter>
    </ClCompile>
    <ClCompile Include="SkinTreeCtrl.cpp">
      <Filter>Source Files</Filter>
    </ClCompile>
    <ClCompile Include="SliderCtrlEx.cpp">
      <Filter>Source Files</Filter>
    </ClCompile>
    <ClCompile Include="SplitterBar.cpp">
      <Filter>Source Files</Filter>
    </ClCompile>
    <ClCompile Include="StackPanel.cpp">
      <Filter>Source Files</Filter>
    </ClCompile>
    <ClCompile Include="SubtitleWnd.cpp">
      <Filter>Source Files</Filter>
    </ClCompile>
    <ClCompile Include="TaskWndMgr.cpp">
      <Filter>Source Files</Filter>
    </ClCompile>
    <ClCompile Include="ThumbnailCtrl.cpp">
      <Filter>Source Files</Filter>
    </ClCompile>
    <ClCompile Include="TreeListCtrl.cpp">
      <Filter>Source Files</Filter>
    </ClCompile>
    <ClCompile Include="UIMgr.cpp">
      <Filter>Source Files</Filter>
    </ClCompile>
    <ClCompile Include="UIWnd.cpp">
      <Filter>Source Files</Filter>
    </ClCompile>
    <ClCompile Include="UIWndBase.cpp">
      <Filter>Source Files</Filter>
    </ClCompile>
    <ClCompile Include="UniformGridPanel.cpp">
      <Filter>Source Files</Filter>
    </ClCompile>
    <ClCompile Include="WaveCtrl.cpp">
      <Filter>Source Files</Filter>
    </ClCompile>
    <ClCompile Include="WLButton.cpp">
      <Filter>Source Files</Filter>
    </ClCompile>
    <ClCompile Include="WLLine.cpp">
      <Filter>Source Files</Filter>
    </ClCompile>
    <ClCompile Include="WLPicture.cpp">
      <Filter>Source Files</Filter>
    </ClCompile>
    <ClCompile Include="WLSliderCtrl.cpp">
      <Filter>Source Files</Filter>
    </ClCompile>
    <ClCompile Include="WLSplitterBar.cpp">
      <Filter>Source Files</Filter>
    </ClCompile>
    <ClCompile Include="WLText.cpp">
      <Filter>Source Files</Filter>
    </ClCompile>
    <ClCompile Include="WLWnd.cpp">
      <Filter>Source Files</Filter>
    </ClCompile>
    <ClCompile Include="ButtonBase.cpp">
      <Filter>ControlBase</Filter>
    </ClCompile>
    <ClCompile Include="License\License.cpp">
      <Filter>License</Filter>
    </ClCompile>
    <ClCompile Include="License\MD5.cpp">
      <Filter>License</Filter>
    </ClCompile>
    <ClCompile Include="License\md5c.cpp">
      <Filter>License</Filter>
    </ClCompile>
    <ClCompile Include="ImageOleCtrl.cpp">
      <Filter>RichEdit</Filter>
    </ClCompile>
    <ClCompile Include="IMRichEditCtrl.cpp">
      <Filter>RichEdit</Filter>
    </ClCompile>
    <ClCompile Include="IMRichEditCtrlBase.cpp">
      <Filter>RichEdit</Filter>
    </ClCompile>
    <ClCompile Include="OleCtrlBase.cpp">
      <Filter>RichEdit</Filter>
    </ClCompile>
    <ClCompile Include="SkinRichEditCtrlBase.cpp">
      <Filter>RichEdit</Filter>
    </ClCompile>
    <ClCompile Include="WLIMRichEditCtrl.cpp">
      <Filter>RichEdit</Filter>
    </ClCompile>
    <ClCompile Include="WLRichEditCtrl.cpp">
      <Filter>RichEdit</Filter>
    </ClCompile>
    <ClCompile Include="SkinRichEditCtrl.cpp">
      <Filter>RichEdit</Filter>
    </ClCompile>
    <ClCompile Include="treeview.cpp">
      <Filter>treeview</Filter>
    </ClCompile>
    <ClCompile Include="tvmem.cpp">
      <Filter>treeview</Filter>
    </ClCompile>
    <ClCompile Include="tvpaint.cpp">
      <Filter>treeview</Filter>
    </ClCompile>
    <ClCompile Include="tvscroll.cpp">
      <Filter>treeview</Filter>
    </ClCompile>
    <ClCompile Include="TreeCtrlEx.cpp">
      <Filter>Source Files</Filter>
    </ClCompile>
    <ClCompile Include="Render.cpp">
      <Filter>Source Files</Filter>
    </ClCompile>
    <ClCompile Include="CreateControls.cpp">
      <Filter>Source Files</Filter>
    </ClCompile>
    <ClCompile Include="Utils.cpp">
      <Filter>Source Files</Filter>
    </ClCompile>
    <ClCompile Include="DragDrop.cpp">
      <Filter>Source Files</Filter>
    </ClCompile>
  </ItemGroup>
</Project>