
$$IF(PROJECT_VC100)
Microsoft Visual Studio Solution File, Format Version 11.00
# Visual Studio 2010
$$ENDIF
$$IF(PROJECT_VC110)
Microsoft Visual Studio Solution File, Format Version 12.00
# Visual Studio 2012
$$ENDIF
$$IF(PROJECT_VC120)
Microsoft Visual Studio Solution File, Format Version 12.00
# Visual Studio 2013
VisualStudioVersion = 12.0.21005.1
MinimumVisualStudioVersion = 10.0.40219.1
$$ENDIF
$$IF(PROJECT_VC140)
Microsoft Visual Studio Solution File, Format Version 12.00
# Visual Studio 14
VisualStudioVersion = 14.0.23107.0
MinimumVisualStudioVersion = 10.0.40219.1
$$ENDIF
$$IF(PROJECT_VC100)
Project("$$SOLUTION_GUID$$") = "$$root$$", "$$root$$_vs2010.vcxproj", "$$PROJECT_GUID$$"
$$ENDIF
$$IF(PROJECT_VC110)
Project("$$SOLUTION_GUID$$") = "$$root$$", "$$root$$_vs2012.vcxproj", "$$PROJECT_GUID$$"
$$ENDIF
$$IF(PROJECT_VC120)
Project("$$SOLUTION_GUID$$") = "$$root$$", "$$root$$_vs2013.vcxproj", "$$PROJECT_GUID$$"
$$ENDIF
$$IF(PROJECT_VC140)
Project("$$SOLUTION_GUID$$") = "$$root$$", "$$root$$_vs2015.vcxproj", "$$PROJECT_GUID$$"
$$ENDIF
EndProject
Global
	GlobalSection(SolutionConfigurationPlatforms) = preSolution
		Debug|Win32 = Debug|Win32
		Release|Win32 = Release|Win32
	EndGlobalSection
	GlobalSection(ProjectConfigurationPlatforms) = postSolution
		$$PROJECT_GUID$$.Debug|Win32.ActiveCfg = Debug|Win32
		$$PROJECT_GUID$$.Debug|Win32.Build.0 = Debug|Win32
		$$PROJECT_GUID$$.Release|Win32.ActiveCfg = Release|Win32
		$$PROJECT_GUID$$.Release|Win32.Build.0 = Release|Win32
	EndGlobalSection
	GlobalSection(SolutionProperties) = preSolution
		HideSolutionNode = FALSE
	EndGlobalSection
EndGlobal
